{
  "name": "dragonshop",
  "lockfileVersion": 3,
  "requires": true,
  "packages": {
    "": {
      "dependencies": {
        "cookie-parser": "^1.4.6",
        "docker": "^0.2.14",
        "nes.css": "^2.3.0",
        "uuid": "^9.0.1"
      }
    },
    "node_modules/ambi": {
      "version": "2.0.0",
      "resolved": "https://registry.npmjs.org/ambi/-/ambi-2.0.0.tgz",
      "integrity": "sha512-IXzMsvqViCbMwwTykPnHnzbiMjzKocXzxofPEC1ZYSSJTnoBOEsBhEABa8FJ98ADYtxhPdGTEWDeJUGyS8K6Iw==",
      "dependencies": {
        "typechecker": "~2.0.1"
      },
      "engines": {
        "node": ">=0.4"
      }
    },
    "node_modules/bal-util": {
      "version": "1.18.0",
      "resolved": "https://registry.npmjs.org/bal-util/-/bal-util-1.18.0.tgz",
      "integrity": "sha512-wjVrsaK6K4OM1kgwiw1cf0+7RGjyNsgxc7kjoqfTDAKzdBoG1JQuAXk0VpJOpn5kgB68zjttbu0ghXPDamyc9Q==",
      "dependencies": {
        "ambi": "~2.0.0",
        "eachr": "~2.0.2",
        "extendr": "~2.0.1",
        "getsetdeep": "~2.0.0",
        "safecallback": "~1.0.1",
        "safefs": "~2.0.3",
        "taskgroup": "~2.0.0",
        "typechecker": "~2.0.1"
      },
      "engines": {
        "node": ">=0.4"
      }
    },
    "node_modules/bl": {
      "version": "0.4.2",
      "resolved": "https://registry.npmjs.org/bl/-/bl-0.4.2.tgz",
      "integrity": "sha512-/Jhsskdr/kVmqiA+zn6A1h0Z9pRLXrx/yxOlhKVgwaiCMtb+/UhZOHlefRAqArQVRRuOxOu+MvzQh/yIvFMZlQ==",
      "dependencies": {
        "readable-stream": "~1.0.2"
      }
    },
    "node_modules/commander": {
      "version": "0.5.2",
      "resolved": "https://registry.npmjs.org/commander/-/commander-0.5.2.tgz",
      "integrity": "sha512-/IKo89++b1UhClEhWvKk00gKgw6iwvwD8TOPTqqN9AyvjgPCnf9OrjnDNY3dPDOj+K+OhN9SRjYQH0AfX0bROw==",
      "engines": {
        "node": ">= 0.4.x"
      }
    },
    "node_modules/cookie": {
      "version": "0.4.1",
      "resolved": "https://registry.npmjs.org/cookie/-/cookie-0.4.1.tgz",
      "integrity": "sha512-ZwrFkGJxUR3EIoXtO+yVE69Eb7KlixbaeAWfBQB9vVsNn/o+Yw69gBWSSDK825hQNdN+wF8zELf3dFNl/kxkUA==",
      "engines": {
        "node": ">= 0.6"
      }
    },
    "node_modules/cookie-parser": {
      "version": "1.4.6",
      "resolved": "https://registry.npmjs.org/cookie-parser/-/cookie-parser-1.4.6.tgz",
      "integrity": "sha512-z3IzaNjdwUC2olLIB5/ITd0/setiaFMLYiZJle7xg5Fe9KWAceil7xszYfHHBtDFYLSgJduS2Ty0P1uJdPDJeA==",
      "dependencies": {
        "cookie": "0.4.1",
        "cookie-signature": "1.0.6"
      },
      "engines": {
        "node": ">= 0.8.0"
      }
    },
    "node_modules/cookie-signature": {
      "version": "1.0.6",
      "resolved": "https://registry.npmjs.org/cookie-signature/-/cookie-signature-1.0.6.tgz",
      "integrity": "sha512-QADzlaHc8icV8I7vbaJXJwod9HWYp8uCqf1xa4OfNu1T7JVxQIrUgOWtHdNDtPiywmFbiS12VjotIXLrKM3orQ=="
    },
    "node_modules/core-util-is": {
      "version": "1.0.3",
      "resolved": "https://registry.npmjs.org/core-util-is/-/core-util-is-1.0.3.tgz",
      "integrity": "sha512-ZQBvi1DcpJ4GDqanjucZ2Hj3wEO5pZDS89BWbkcrvdxksJorwUDDZamX9ldFkp9aw2lmBDLgkObEA4DWNJ9FYQ=="
    },
    "node_modules/docker": {
      "version": "0.2.14",
      "resolved": "https://registry.npmjs.org/docker/-/docker-0.2.14.tgz",
      "integrity": "sha512-/428V/Trw3tKJIaNy0wtt5pwE5FvA8cxu2ChdCwPafcvRG4/z2snLkr7ixW2dSBcpzGiEDLbj7h6z5Y8TwP0VA==",
      "dependencies": {
        "commander": "0.5.2",
        "mkdirp": "0.3.2",
        "pygmentize-bundled": "~2.1.0",
        "watchr": "~2.3.3"
      },
      "bin": {
        "docker": "docker"
      },
      "engines": {
        "node": ">=0.4.0"
      }
    },
    "node_modules/eachr": {
      "version": "2.0.4",
      "resolved": "https://registry.npmjs.org/eachr/-/eachr-2.0.4.tgz",
      "integrity": "sha512-ImdMB5wEdN+M1VNte4NiYmH7FBJ/D27aOeYuqR3zuBRqwMeqtqPJvIqckzQzXT5s9nDMysV3bkE+zB6ezKhphg==",
      "dependencies": {
        "typechecker": "^2.0.8"
      },
      "engines": {
        "node": ">=0.4"
      }
    },
    "node_modules/extendr": {
      "version": "2.0.1",
      "resolved": "https://registry.npmjs.org/extendr/-/extendr-2.0.1.tgz",
      "integrity": "sha512-HI5RiZxISYYFYZ95L0qt4fAxB/HmrV+oWuMwg03wGGxADNqZHssxGB8aai/NYHNxGrcIRvRqdptMNxmxWHJGEg==",
      "dependencies": {
        "typechecker": "~2.0.1"
      },
      "engines": {
        "node": ">=0.4"
      }
    },
    "node_modules/getsetdeep": {
      "version": "2.0.0",
      "resolved": "https://registry.npmjs.org/getsetdeep/-/getsetdeep-2.0.0.tgz",
      "integrity": "sha512-tC4ROuyPTxnO8UALLADoDTWQMP4XbIeIUjVw0KmbuUlL8WjUeyDvGPnKFKyz1r4hw3JymD9dSc/gTdc0vLZs3w==",
      "dependencies": {
        "typechecker": "~2.0.1"
      },
      "engines": {
        "node": ">=0.4"
      }
    },
    "node_modules/inherits": {
      "version": "2.0.4",
      "resolved": "https://registry.npmjs.org/inherits/-/inherits-2.0.4.tgz",
      "integrity": "sha512-k/vGaX4/Yla3WzyMCvTQOXYeIHvqOKtnqBduzTHpzpQZzAskKMhZ2K+EnBiSM9zGSoIFeMpXKxa4dYeZIQqewQ=="
    },
    "node_modules/isarray": {
      "version": "0.0.1",
      "resolved": "https://registry.npmjs.org/isarray/-/isarray-0.0.1.tgz",
      "integrity": "sha512-D2S+3GLxWH+uhrNEcoh/fnmYeP8E8/zHl644d/jdA0g2uyXvy3sb0qxotE+ne0LtccHknQzWwZEzhak7oJ0COQ=="
    },
    "node_modules/mkdirp": {
      "version": "0.3.2",
      "resolved": "https://registry.npmjs.org/mkdirp/-/mkdirp-0.3.2.tgz",
      "integrity": "sha512-pc+27TvK2K/zCoLgoqHbCDndezId7Gbb00HjFACfXlFqOmbi+JyghsLmjiAGfDYrbGxQIlAWPM2UId3nx6JHOQ==",
      "deprecated": "Legacy versions of mkdirp are no longer supported. Please update to mkdirp 1.x. (Note that the API surface has changed to use Promises in 1.x.)",
      "engines": {
        "node": "*"
      }
    },
    "node_modules/nes.css": {
      "version": "2.3.0",
      "resolved": "https://registry.npmjs.org/nes.css/-/nes.css-2.3.0.tgz",
      "integrity": "sha512-lCFZs9vj3f5RVdbvTL/kSxiYsOARwSeAdJaMNo+bCgmWOO9x8ay7QpT4yQVKHy3r5Dttzd0uqVdpt3fvvx6EpQ==",
      "engines": {
        "node": "10.x"
      }
    },
    "node_modules/object-keys": {
      "version": "0.4.0",
      "resolved": "https://registry.npmjs.org/object-keys/-/object-keys-0.4.0.tgz",
      "integrity": "sha512-ncrLw+X55z7bkl5PnUvHwFK9FcGuFYo9gtjws2XtSzL+aZ8tm830P60WJ0dSmFVaSalWieW5MD7kEdnXda9yJw=="
    },
    "node_modules/pygmentize-bundled": {
      "version": "2.1.1",
      "resolved": "https://registry.npmjs.org/pygmentize-bundled/-/pygmentize-bundled-2.1.1.tgz",
      "integrity": "sha512-Ki8YaimKjHoY2eOjaWdRVta72rj6UsoMYd1M+pVjeIBdEOYVCuSZsDlK2VzWM48mElA7WcPhcZePaVrDbwsyCg==",
      "deprecated": "no longer maintained",
      "dependencies": {
        "bl": "~0.4.1",
        "mkdirp": "~0.3.5",
        "readable-stream": "~1.0.17",
        "through2": "~0.2.1"
      }
    },
    "node_modules/pygmentize-bundled/node_modules/mkdirp": {
      "version": "0.3.5",
      "resolved": "https://registry.npmjs.org/mkdirp/-/mkdirp-0.3.5.tgz",
      "integrity": "sha512-8OCq0De/h9ZxseqzCH8Kw/Filf5pF/vMI6+BH7Lu0jXz2pqYCjTAQRolSxRIi+Ax+oCCjlxoJMP0YQ4XlrQNHg==",
      "deprecated": "Legacy versions of mkdirp are no longer supported. Please update to mkdirp 1.x. (Note that the API surface has changed to use Promises in 1.x.)"
    },
    "node_modules/readable-stream": {
      "version": "1.0.34",
      "resolved": "https://registry.npmjs.org/readable-stream/-/readable-stream-1.0.34.tgz",
      "integrity": "sha512-ok1qVCJuRkNmvebYikljxJA/UEsKwLl2nI1OmaqAu4/UE+h0wKCHok4XkL/gvi39OacXvw59RJUOFUkDib2rHg==",
      "dependencies": {
        "core-util-is": "~1.0.0",
        "inherits": "~2.0.1",
        "isarray": "0.0.1",
        "string_decoder": "~0.10.x"
      }
    },
    "node_modules/safecallback": {
      "version": "1.0.1",
      "resolved": "https://registry.npmjs.org/safecallback/-/safecallback-1.0.1.tgz",
      "integrity": "sha512-iwkVkRKejb2X1WshFYVTYsJrrLpq3pRiaeyG4vycyjLrvoxaUZrjR+htwzuN87KvRO5hFCCtwspUKQbO09awRg==",
      "engines": {
        "node": ">=0.4"
      }
    },
    "node_modules/safefs": {
      "version": "2.0.3",
      "resolved": "https://registry.npmjs.org/safefs/-/safefs-2.0.3.tgz",
      "integrity": "sha512-8OTBjnIQYCuGE7A+MzbQjQEeVrjT8p8HAgX7vi53xX6hhCAjiz8eQKWCzFYdlRZ6FozUw143xjvTFqBE/4QptQ==",
      "engines": {
        "node": ">=0.4"
      }
    },
    "node_modules/string_decoder": {
      "version": "0.10.31",
      "resolved": "https://registry.npmjs.org/string_decoder/-/string_decoder-0.10.31.tgz",
      "integrity": "sha512-ev2QzSzWPYmy9GuqfIVildA4OdcGLeFZQrq5ys6RtiuF+RQQiZWr8TZNyAcuVXyQRYfEO+MsoB/1BuQVhOJuoQ=="
    },
    "node_modules/taskgroup": {
      "version": "2.0.0",
      "resolved": "https://registry.npmjs.org/taskgroup/-/taskgroup-2.0.0.tgz",
      "integrity": "sha512-uvL8DQ7cEViBG60xYnyceK1y0pXZD+wHIa5hwnW/JHDCSipzdSRfSX8bUsoqXczxHdRjgAfJQ6LSTHnOyzCHRw==",
      "dependencies": {
        "ambi": "~2.0.0",
        "typechecker": "~2.0.1"
      },
      "engines": {
        "node": ">=0.4"
      }
    },
    "node_modules/through2": {
      "version": "0.2.3",
      "resolved": "https://registry.npmjs.org/through2/-/through2-0.2.3.tgz",
      "integrity": "sha512-mLa8Bn2mZurjyomGKWRu3Bo2mvoQojFks9NvOK8H+k4kDJNkdEqG522KFZsEFBEl6rKkxTgFbE5+OPcgfvPEHA==",
      "dependencies": {
        "readable-stream": "~1.1.9",
        "xtend": "~2.1.1"
      }
    },
    "node_modules/through2/node_modules/readable-stream": {
      "version": "1.1.14",
      "resolved": "https://registry.npmjs.org/readable-stream/-/readable-stream-1.1.14.tgz",
      "integrity": "sha512-+MeVjFf4L44XUkhM1eYbD8fyEsxcV81pqMSR5gblfcLCHfZvbrqy4/qYHE+/R5HoBUT11WV5O08Cr1n3YXkWVQ==",
      "dependencies": {
        "core-util-is": "~1.0.0",
        "inherits": "~2.0.1",
        "isarray": "0.0.1",
        "string_decoder": "~0.10.x"
      }
    },
    "node_modules/typechecker": {
      "version": "2.0.8",
      "resolved": "https://registry.npmjs.org/typechecker/-/typechecker-2.0.8.tgz",
      "integrity": "sha512-7czjA7j/rc9zA/mTzsjD1yc41GIuARzFXIs69cc0PeMRu7uiGpQw4Cs83l/NjJj93PnSxeTZrOc2lDDLUmmpwg==",
      "hasInstallScript": true,
      "engines": {
        "node": ">=0.4"
      }
    },
    "node_modules/uuid": {
      "version": "9.0.1",
      "resolved": "https://registry.npmjs.org/uuid/-/uuid-9.0.1.tgz",
      "integrity": "sha512-b+1eJOlsR9K8HJpow9Ok3fiWOWSIcIzXodvv0rQjVoOVNpWMpxf1wZNpt4y9h10odCNrqnYp1OBzRktckBe3sA==",
      "funding": [
        "https://github.com/sponsors/broofa",
        "https://github.com/sponsors/ctavan"
      ],
      "bin": {
        "uuid": "dist/bin/uuid"
      }
    },
    "node_modules/watchr": {
      "version": "2.3.10",
      "resolved": "https://registry.npmjs.org/watchr/-/watchr-2.3.10.tgz",
      "integrity": "sha512-so+9C/lbZTy3lFNYRwbD4VasZZ9hmi05jL45YffuAgXf7jYSJCbLeZxe5/p09N8h2cQzbn+za2lJngupvD5LhA==",
      "dependencies": {
        "bal-util": "~1.18.0"
      },
      "bin": {
        "watchr": "bin/watchr"
      },
      "engines": {
        "node": ">=0.4"
      }
    },
    "node_modules/xtend": {
      "version": "2.1.2",
      "resolved": "https://registry.npmjs.org/xtend/-/xtend-2.1.2.tgz",
      "integrity": "sha512-vMNKzr2rHP9Dp/e1NQFnLQlwlhp9L/LfvnsVdHxN1f+uggyVI3i08uD14GPvCToPkdsRfyPqIyYGmIk58V98ZQ==",
      "dependencies": {
        "object-keys": "~0.4.0"
      },
      "engines": {
        "node": ">=0.4"
      }
    }
  }
}
